
Microsoft Visual Studio Solution File, Format Version 12.00
# Visual Studio Version 17
VisualStudioVersion = 17.14.36518.9 d17.14
MinimumVisualStudioVersion = 10.0.40219.1
Project("{FAE04EC0-301F-11D3-BF4B-00C04F79EFBC}") = "GymTracker", "GymTracker\GymTracker.csproj", "{49DB8287-B396-4444-9E99-02EFD7BBEDB7}"
EndProject
Project("{FAE04EC0-301F-11D3-BF4B-00C04F79EFBC}") = "Common", "Common\Common.csproj", "{CABBB4EE-1ACE-4EBB-B490-0F5D14640F1D}"
EndProject
Global
	GlobalSection(SolutionConfigurationPlatforms) = preSolution
		Debug|Any CPU = Debug|Any CPU
		Release|Any CPU = Release|Any CPU
	EndGlobalSection
	GlobalSection(ProjectConfigurationPlatforms) = postSolution
		{49DB8287-B396-4444-9E99-02EFD7BBEDB7}.Debug|Any CPU.ActiveCfg = Debug|Any CPU
		{49DB8287-B396-4444-9E99-02EFD7BBEDB7}.Debug|Any CPU.Build.0 = Debug|Any CPU
		{49DB8287-B396-4444-9E99-02EFD7BBEDB7}.Release|Any CPU.ActiveCfg = Release|Any CPU
		{49DB8287-B396-4444-9E99-02EFD7BBEDB7}.Release|Any CPU.Build.0 = Release|Any CPU
		{CABBB4EE-1ACE-4EBB-B490-0F5D14640F1D}.Debug|Any CPU.ActiveCfg = Debug|Any CPU
		{CABBB4EE-1ACE-4EBB-B490-0F5D14640F1D}.Debug|Any CPU.Build.0 = Debug|Any CPU
		{CABBB4EE-1ACE-4EBB-B490-0F5D14640F1D}.Release|Any CPU.ActiveCfg = Release|Any CPU
		{CABBB4EE-1ACE-4EBB-B490-0F5D14640F1D}.Release|Any CPU.Build.0 = Release|Any CPU
	EndGlobalSection
	GlobalSection(SolutionProperties) = preSolution
		HideSolutionNode = FALSE
	EndGlobalSection
	GlobalSection(ExtensibilityGlobals) = postSolution
		SolutionGuid = {480693F8-F27D-4B5E-B8AE-A77AC010609B}
	EndGlobalSection
EndGlobal
